// !$*UTF8*$!
{
	archiveVersion = 1;
	classes = {
	};
	objectVersion = 50;
	objects = {

/* Begin PBXBuildFile section */
		8A8484FB20CEB97900969B5D /* AppDelegate.swift in Sources */ = {isa = PBXBuildFile; fileRef = 8A8484FA20CEB97900969B5D /* AppDelegate.swift */; };
		8A8484FD20CEB97900969B5D /* ViewController.swift in Sources */ = {isa = PBXBuildFile; fileRef = 8A8484FC20CEB97900969B5D /* ViewController.swift */; };
		8A84850020CEB97900969B5D /* Main.storyboard in Resources */ = {isa = PBXBuildFile; fileRef = 8A8484FE20CEB97900969B5D /* Main.storyboard */; };
		8A84850220CEB97B00969B5D /* Assets.xcassets in Resources */ = {isa = PBXBuildFile; fileRef = 8A84850120CEB97B00969B5D /* Assets.xcassets */; };
		8A84850520CEB97B00969B5D /* LaunchScreen.storyboard in Resources */ = {isa = PBXBuildFile; fileRef = 8A84850320CEB97B00969B5D /* LaunchScreen.storyboard */; };
		8A84850E20CEBB0900969B5D /* AudioToolbox.framework in Frameworks */ = {isa = PBXBuildFile; fileRef = 8A84850D20CEBB0900969B5D /* AudioToolbox.framework */; };
		8A84851020CEC16200969B5D /* status03.mp3 in Resources */ = {isa = PBXBuildFile; fileRef = 8A84850F20CEC16200969B5D /* status03.mp3 */; };
/* End PBXBuildFile section */

/* Begin PBXFileReference section */
		8A8484F720CEB97900969B5D /* SampleQuiz.app */ = {isa = PBXFileReference; explicitFileType = wrapper.application; includeInIndex = 0; path = SampleQuiz.app; sourceTree = BUILT_PRODUCTS_DIR; };
		8A8484FA20CEB97900969B5D /* AppDelegate.swift */ = {isa = PBXFileReference; lastKnownFileType = sourcecode.swift; path = AppDelegate.swift; sourceTree = "<group>"; };
		8A8484FC20CEB97900969B5D /* ViewController.swift */ = {isa = PBXFileReference; lastKnownFileType = sourcecode.swift; path = ViewController.swift; sourceTree = "<group>"; };
		8A8484FF20CEB97900969B5D /* Base */ = {isa = PBXFileReference; lastKnownFileType = file.storyboard; name = Base; path = Base.lproj/Main.storyboard; sourceTree = "<group>"; };
		8A84850120CEB97B00969B5D /* Assets.xcassets */ = {isa = PBXFileReference; lastKnownFileType = folder.assetcatalog; path = Assets.xcassets; sourceTree = "<group>"; };
		8A84850420CEB97B00969B5D /* Base */ = {isa = PBXFileReference; lastKnownFileType = file.storyboard; name = Base; path = Base.lproj/LaunchScreen.storyboard; sourceTree = "<group>"; };
		8A84850620CEB97B00969B5D /* Info.plist */ = {isa = PBXFileReference; lastKnownFileType = text.plist.xml; path = Info.plist; sourceTree = "<group>"; };
		8A84850D20CEBB0900969B5D /* AudioToolbox.framework */ = {isa = PBXFileReference; lastKnownFileType = wrapper.framework; name = AudioToolbox.framework; path = System/Library/Frameworks/AudioToolbox.framework; sourceTree = SDKROOT; };
		8A84850F20CEC16200969B5D /* status03.mp3 */ = {isa = PBXFileReference; lastKnownFileType = audio.mp3; path = status03.mp3; sourceTree = "<group>"; };
/* End PBXFileReference section */

/* Begin PBXFrameworksBuildPhase section */
		8A8484F420CEB97900969B5D /* Frameworks */ = {
			isa = PBXFrameworksBuildPhase;
			buildActionMask = 2147483647;
			files = (
				8A84850E20CEBB0900969B5D /* AudioToolbox.framework in Frameworks */,
			);
			runOnlyForDeploymentPostprocessing = 0;
		};
/* End PBXFrameworksBuildPhase section */

/* Begin PBXGroup section */
		8A8484EE20CEB97900969B5D = {
			isa = PBXGroup;
			children = (
				8A8484F920CEB97900969B5D /* SampleQuiz */,
				8A8484F820CEB97900969B5D /* Products */,
				8A84850C20CEBB0900969B5D /* Frameworks */,
			);
			sourceTree = "<group>";
		};
		8A8484F820CEB97900969B5D /* Products */ = {
			isa = PBXGroup;
			children = (
				8A8484F720CEB97900969B5D /* SampleQuiz.app */,
			);
			name = Products;
			sourceTree = "<group>";
		};
		8A8484F920CEB97900969B5D /* SampleQuiz */ = {
			isa = PBXGroup;
			children = (
				8A84850F20CEC16200969B5D /* status03.mp3 */,
				8A8484FA20CEB97900969B5D /* AppDelegate.swift */,
				8A8484FC20CEB97900969B5D /* ViewController.swift */,
				8A8484FE20CEB97900969B5D /* Main.storyboard */,
				8A84850120CEB97B00969B5D /* Assets.xcassets */,
				8A84850320CEB97B00969B5D /* LaunchScreen.storyboard */,
				8A84850620CEB97B00969B5D /* Info.plist */,
			);
			path = SampleQuiz;
			sourceTree = "<group>";
		};
		8A84850C20CEBB0900969B5D /* Frameworks */ = {
			isa = PBXGroup;
			children = (
				8A84850D20CEBB0900969B5D /* AudioToolbox.framework */,
			);
			name = Frameworks;
			sourceTree = "<group>";
		};
/* End PBXGroup section */

/* Begin PBXNativeTarget section */
		8A8484F620CEB97900969B5D /* SampleQuiz */ = {
			isa = PBXNativeTarget;
			buildConfigurationList = 8A84850920CEB97B00969B5D /* Build configuration list for PBXNativeTarget "SampleQuiz" */;
			buildPhases = (
				8A8484F320CEB97900969B5D /* Sources */,
				8A8484F420CEB97900969B5D /* Frameworks */,
				8A8484F520CEB97900969B5D /* Resources */,
			);
			buildRules = (
			);
			dependencies = (
			);
			name = SampleQuiz;
			productName = SampleQuiz;
			productReference = 8A8484F720CEB97900969B5D /* SampleQuiz.app */;
			productType = "com.apple.product-type.application";
		};
/* End PBXNativeTarget section */

/* Begin PBXProject section */
		8A8484EF20CEB97900969B5D /* Project object */ = {
			isa = PBXProject;
			attributes = {
				LastSwiftUpdateCheck = 0940;
				LastUpgradeCheck = 0940;
				ORGANIZATIONNAME = systena;
				TargetAttributes = {
					8A8484F620CEB97900969B5D = {
						CreatedOnToolsVersion = 9.4;
					};
				};
			};
			buildConfigurationList = 8A8484F220CEB97900969B5D /* Build configuration list for PBXProject "SampleQuiz" */;
			compatibilityVersion = "Xcode 9.3";
			developmentRegion = en;
			hasScannedForEncodings = 0;
			knownRegions = (
				en,
				Base,
			);
			mainGroup = 8A8484EE20CEB97900969B5D;
			productRefGroup = 8A8484F820CEB97900969B5D /* Products */;
			projectDirPath = "";
			projectRoot = "";
			targets = (
				8A8484F620CEB97900969B5D /* SampleQuiz */,
			);
		};
/* End PBXProject section */

/* Begin PBXResourcesBuildPhase section */
		8A8484F520CEB97900969B5D /* Resources */ = {
			isa = PBXResourcesBuildPhase;
			buildActionMask = 2147483647;
			files = (
				8A84850520CEB97B00969B5D /* LaunchScreen.storyboard in Resources */,
				8A84851020CEC16200969B5D /* status03.mp3 in Resources */,
				8A84850220CEB97B00969B5D /* Assets.xcassets in Resources */,
				8A84850020CEB97900969B5D /* Main.storyboard in Resources */,
			);
			runOnlyForDeploymentPostprocessing = 0;
		};
/* End PBXResourcesBuildPhase section */

/* Begin PBXSourcesBuildPhase section */
		8A8484F320CEB97900969B5D /* Sources */ = {
			isa = PBXSourcesBuildPhase;
			buildActionMask = 2147483647;
			files = (
				8A8484FD20CEB97900969B5D /* ViewController.swift in Sources */,
				8A8484FB20CEB97900969B5D /* AppDelegate.swift in Sources */,
			);
			runOnlyForDeploymentPostprocessing = 0;
		};
/* End PBXSourcesBuildPhase section */

/* Begin PBXVariantGroup section */
		8A8484FE20CEB97900969B5D /* Main.storyboard */ = {
			isa = PBXVariantGroup;
			children = (
				8A8484FF20CEB97900969B5D /* Base */,
			);
			name = Main.storyboard;
			sourceTree = "<group>";
		};
		8A84850320CEB97B00969B5D /* LaunchScreen.storyboard */ = {
			isa = PBXVariantGroup;
			children = (
				8A84850420CEB97B00969B5D /* Base */,
			);
			name = LaunchScreen.storyboard;
			sourceTree = "<group>";
		};
/* End PBXVariantGroup section */

/* Begin XCBuildConfiguration section */
		8A84850720CEB97B00969B5D /* Debug */ = {
			isa = XCBuildConfiguration;
			buildSettings = {
				ALWAYS_SEARCH_USER_PATHS = NO;
				CLANG_ANALYZER_NONNULL = YES;
				CLANG_ANALYZER_NUMBER_OBJECT_CONVERSION = YES_AGGRESSIVE;
				CLANG_CXX_LANGUAGE_STANDARD = "gnu++14";
				CLANG_CXX_LIBRARY = "libc++";
				CLANG_ENABLE_MODULES = YES;
				CLANG_ENABLE_OBJC_ARC = YES;
				CLANG_ENABLE_OBJC_WEAK = YES;
				CLANG_WARN_BLOCK_CAPTURE_AUTORELEASING = YES;
				CLANG_WARN_BOOL_CONVERSION = YES;
				CLANG_WARN_COMMA = YES;
				CLANG_WARN_CONSTANT_CONVERSION = YES;
				CLANG_WARN_DEPRECATED_OBJC_IMPLEMENTATIONS = YES;
				CLANG_WARN_DIRECT_OBJC_ISA_USAGE = YES_ERROR;
				CLANG_WARN_DOCUMENTATION_COMMENTS = YES;
				CLANG_WARN_EMPTY_BODY = YES;
				CLANG_WARN_ENUM_CONVERSION = YES;
				CLANG_WARN_INFINITE_RECURSION = YES;
				CLANG_WARN_INT_CONVERSION = YES;
				CLANG_WARN_NON_LITERAL_NULL_CONVERSION = YES;
				CLANG_WARN_OBJC_IMPLICIT_RETAIN_SELF = YES;
				CLANG_WARN_OBJC_LITERAL_CONVERSION = YES;
				CLANG_WARN_OBJC_ROOT_CLASS = YES_ERROR;
				CLANG_WARN_RANGE_LOOP_ANALYSIS = YES;
				CLANG_WARN_STRICT_PROTOTYPES = YES;
				CLANG_WARN_SUSPICIOUS_MOVE = YES;
				CLANG_WARN_UNGUARDED_AVAILABILITY = YES_AGGRESSIVE;
				CLANG_WARN_UNREACHABLE_CODE = YES;
				CLANG_WARN__DUPLICATE_METHOD_MATCH = YES;
				CODE_SIGN_IDENTITY = "iPhone Developer";
				COPY_PHASE_STRIP = NO;
				DEBUG_INFORMATION_FORMAT = dwarf;
				ENABLE_STRICT_OBJC_MSGSEND = YES;
				ENABLE_TESTABILITY = YES;
				GCC_C_LANGUAGE_STANDARD = gnu11;
				GCC_DYNAMIC_NO_PIC = NO;
				GCC_NO_COMMON_BLOCKS = YES;
				GCC_OPTIMIZATION_LEVEL = 0;
				GCC_PREPROCESSOR_DEFINITIONS = (
					"DEBUG=1",
					"$(inherited)",
				);
				GCC_WARN_64_TO_32_BIT_CONVERSION = YES;
				GCC_WARN_ABOUT_RETURN_TYPE = YES_ERROR;
				GCC_WARN_UNDECLARED_SELECTOR = YES;
				GCC_WARN_UNINITIALIZED_AUTOS = YES_AGGRESSIVE;
				GCC_WARN_UNUSED_FUNCTION = YES;
				GCC_WARN_UNUSED_VARIABLE = YES;
				IPHONEOS_DEPLOYMENT_TARGET = 11.4;
				MTL_ENABLE_DEBUG_INFO = YES;
				ONLY_ACTIVE_ARCH = YES;
				SDKROOT = iphoneos;
				SWIFT_ACTIVE_COMPILATION_CONDITIONS = DEBUG;
				SWIFT_OPTIMIZATION_LEVEL = "-Onone";
			};
			name = Debug;
		};
		8A84850820CEB97B00969B5D /* Release */ = {
			isa = XCBuildConfiguration;
			buildSettings = {
				ALWAYS_SEARCH_USER_PATHS = NO;
				CLANG_ANALYZER_NONNULL = YES;
				CLANG_ANALYZER_NUMBER_OBJECT_CONVERSION = YES_AGGRESSIVE;
				CLANG_CXX_LANGUAGE_STANDARD = "gnu++14";
				CLANG_CXX_LIBRARY = "libc++";
				CLANG_ENABLE_MODULES = YES;
				CLANG_ENABLE_OBJC_ARC = YES;
				CLANG_ENABLE_OBJC_WEAK = YES;
				CLANG_WARN_BLOCK_CAPTURE_AUTORELEASING = YES;
				CLANG_WARN_BOOL_CONVERSION = YES;
				CLANG_WARN_COMMA = YES;
				CLANG_WARN_CONSTANT_CONVERSION = YES;
				CLANG_WARN_DEPRECATED_OBJC_IMPLEMENTATIONS = YES;
				CLANG_WARN_DIRECT_OBJC_ISA_USAGE = YES_ERROR;
				CLANG_WARN_DOCUMENTATION_COMMENTS = YES;
				CLANG_WARN_EMPTY_BODY = YES;
				CLANG_WARN_ENUM_CONVERSION = YES;
				CLANG_WARN_INFINITE_RECURSION = YES;
				CLANG_WARN_INT_CONVERSION = YES;
				CLANG_WARN_NON_LITERAL_NULL_CONVERSION = YES;
				CLANG_WARN_OBJC_IMPLICIT_RETAIN_SELF = YES;
				CLANG_WARN_OBJC_LITERAL_CONVERSION = YES;
				CLANG_WARN_OBJC_ROOT_CLASS = YES_ERROR;
				CLANG_WARN_RANGE_LOOP_ANALYSIS = YES;
				CLANG_WARN_STRICT_PROTOTYPES = YES;
				CLANG_WARN_SUSPICIOUS_MOVE = YES;
				CLANG_WARN_UNGUARDED_AVAILABILITY = YES_AGGRESSIVE;
				CLANG_WARN_UNREACHABLE_CODE = YES;
				CLANG_WARN__DUPLICATE_METHOD_MATCH = YES;
				CODE_SIGN_IDENTITY = "iPhone Developer";
				COPY_PHASE_STRIP = NO;
				DEBUG_INFORMATION_FORMAT = "dwarf-with-dsym";
				ENABLE_NS_ASSERTIONS = NO;
				ENABLE_STRICT_OBJC_MSGSEND = YES;
				GCC_C_LANGUAGE_STANDARD = gnu11;
				GCC_NO_COMMON_BLOCKS = YES;
				GCC_WARN_64_TO_32_BIT_CONVERSION = YES;
				GCC_WARN_ABOUT_RETURN_TYPE = YES_ERROR;
				GCC_WARN_UNDECLARED_SELECTOR = YES;
				GCC_WARN_UNINITIALIZED_AUTOS = YES_AGGRESSIVE;
				GCC_WARN_UNUSED_FUNCTION = YES;
				GCC_WARN_UNUSED_VARIABLE = YES;
				IPHONEOS_DEPLOYMENT_TARGET = 11.4;
				MTL_ENABLE_DEBUG_INFO = NO;
				SDKROOT = iphoneos;
				SWIFT_COMPILATION_MODE = wholemodule;
				SWIFT_OPTIMIZATION_LEVEL = "-O";
				VALIDATE_PRODUCT = YES;
			};
			name = Release;
		};
		8A84850A20CEB97B00969B5D /* Debug */ = {
			isa = XCBuildConfiguration;
			buildSettings = {
				ASSETCATALOG_COMPILER_APPICON_NAME = AppIcon;
				CODE_SIGN_STYLE = Automatic;
				DEVELOPMENT_TEAM = H99J3S5G79;
				INFOPLIST_FILE = SampleQuiz/Info.plist;
				IPHONEOS_DEPLOYMENT_TARGET = 10.3;
				LD_RUNPATH_SEARCH_PATHS = (
					"$(inherited)",
					"@executable_path/Frameworks",
				);
				PRODUCT_BUNDLE_IDENTIFIER = jp.miwa1128.sample.SampleQuiz;
				PRODUCT_NAME = "$(TARGET_NAME)";
				SWIFT_VERSION = 4.0;
				TARGETED_DEVICE_FAMILY = "1,2";
			};
			name = Debug;
		};
		8A84850B20CEB97B00969B5D /* Release */ = {
			isa = XCBuildConfiguration;
			buildSettings = {
				ASSETCATALOG_COMPILER_APPICON_NAME = AppIcon;
				CODE_SIGN_STYLE = Automatic;
				DEVELOPMENT_TEAM = H99J3S5G79;
				INFOPLIST_FILE = SampleQuiz/Info.plist;
				IPHONEOS_DEPLOYMENT_TARGET = 10.3;
				LD_RUNPATH_SEARCH_PATHS = (
					"$(inherited)",
					"@executable_path/Frameworks",
				);
				PRODUCT_BUNDLE_IDENTIFIER = jp.miwa1128.sample.SampleQuiz;
				PRODUCT_NAME = "$(TARGET_NAME)";
				SWIFT_VERSION = 4.0;
				TARGETED_DEVICE_FAMILY = "1,2";
			};
			name = Release;
		};
/* End XCBuildConfiguration section */

/* Begin XCConfigurationList section */
		8A8484F220CEB97900969B5D /* Build configuration list for PBXProject "SampleQuiz" */ = {
			isa = XCConfigurationList;
			buildConfigurations = (
				8A84850720CEB97B00969B5D /* Debug */,
				8A84850820CEB97B00969B5D /* Release */,
			);
			defaultConfigurationIsVisible = 0;
			defaultConfigurationName = Release;
		};
		8A84850920CEB97B00969B5D /* Build configuration list for PBXNativeTarget "SampleQuiz" */ = {
			isa = XCConfigurationList;
			buildConfigurations = (
				8A84850A20CEB97B00969B5D /* Debug */,
				8A84850B20CEB97B00969B5D /* Release */,
			);
			defaultConfigurationIsVisible = 0;
			defaultConfigurationName = Release;
		};
/* End XCConfigurationList section */
	};
	rootObject = 8A8484EF20CEB97900969B5D /* Project object */;
}
