// !$*UTF8*$!
{
	archiveVersion = 1;
	classes = {
	};
	objectVersion = 50;
	objects = {

/* Begin PBXBuildFile section */
		8AEB42EF20AFBA87001B7BFE /* AppDelegate.swift in Sources */ = {isa = PBXBuildFile; fileRef = 8AEB42EE20AFBA87001B7BFE /* AppDelegate.swift */; };
		8AEB42F120AFBA88001B7BFE /* ViewController.swift in Sources */ = {isa = PBXBuildFile; fileRef = 8AEB42F020AFBA88001B7BFE /* ViewController.swift */; };
		8AEB42F420AFBA88001B7BFE /* Main.storyboard in Resources */ = {isa = PBXBuildFile; fileRef = 8AEB42F220AFBA88001B7BFE /* Main.storyboard */; };
		8AEB42F620AFBA89001B7BFE /* Assets.xcassets in Resources */ = {isa = PBXBuildFile; fileRef = 8AEB42F520AFBA89001B7BFE /* Assets.xcassets */; };
		8AEB42F920AFBA89001B7BFE /* LaunchScreen.storyboard in Resources */ = {isa = PBXBuildFile; fileRef = 8AEB42F720AFBA89001B7BFE /* LaunchScreen.storyboard */; };
/* End PBXBuildFile section */

/* Begin PBXFileReference section */
		8AEB42EB20AFBA87001B7BFE /* Test_App1.app */ = {isa = PBXFileReference; explicitFileType = wrapper.application; includeInIndex = 0; path = Test_App1.app; sourceTree = BUILT_PRODUCTS_DIR; };
		8AEB42EE20AFBA87001B7BFE /* AppDelegate.swift */ = {isa = PBXFileReference; lastKnownFileType = sourcecode.swift; path = AppDelegate.swift; sourceTree = "<group>"; };
		8AEB42F020AFBA88001B7BFE /* ViewController.swift */ = {isa = PBXFileReference; lastKnownFileType = sourcecode.swift; path = ViewController.swift; sourceTree = "<group>"; };
		8AEB42F320AFBA88001B7BFE /* Base */ = {isa = PBXFileReference; lastKnownFileType = file.storyboard; name = Base; path = Base.lproj/Main.storyboard; sourceTree = "<group>"; };
		8AEB42F520AFBA89001B7BFE /* Assets.xcassets */ = {isa = PBXFileReference; lastKnownFileType = folder.assetcatalog; path = Assets.xcassets; sourceTree = "<group>"; };
		8AEB42F820AFBA89001B7BFE /* Base */ = {isa = PBXFileReference; lastKnownFileType = file.storyboard; name = Base; path = Base.lproj/LaunchScreen.storyboard; sourceTree = "<group>"; };
		8AEB42FA20AFBA89001B7BFE /* Info.plist */ = {isa = PBXFileReference; lastKnownFileType = text.plist.xml; path = Info.plist; sourceTree = "<group>"; };
/* End PBXFileReference section */

/* Begin PBXFrameworksBuildPhase section */
		8AEB42E820AFBA87001B7BFE /* Frameworks */ = {
			isa = PBXFrameworksBuildPhase;
			buildActionMask = 2147483647;
			files = (
			);
			runOnlyForDeploymentPostprocessing = 0;
		};
/* End PBXFrameworksBuildPhase section */

/* Begin PBXGroup section */
		8AEB42E220AFBA87001B7BFE = {
			isa = PBXGroup;
			children = (
				8AEB42ED20AFBA87001B7BFE /* Test_App1 */,
				8AEB42EC20AFBA87001B7BFE /* Products */,
			);
			sourceTree = "<group>";
		};
		8AEB42EC20AFBA87001B7BFE /* Products */ = {
			isa = PBXGroup;
			children = (
				8AEB42EB20AFBA87001B7BFE /* Test_App1.app */,
			);
			name = Products;
			sourceTree = "<group>";
		};
		8AEB42ED20AFBA87001B7BFE /* Test_App1 */ = {
			isa = PBXGroup;
			children = (
				8AEB42EE20AFBA87001B7BFE /* AppDelegate.swift */,
				8AEB42F020AFBA88001B7BFE /* ViewController.swift */,
				8AEB42F220AFBA88001B7BFE /* Main.storyboard */,
				8AEB42F520AFBA89001B7BFE /* Assets.xcassets */,
				8AEB42F720AFBA89001B7BFE /* LaunchScreen.storyboard */,
				8AEB42FA20AFBA89001B7BFE /* Info.plist */,
			);
			path = Test_App1;
			sourceTree = "<group>";
		};
/* End PBXGroup section */

/* Begin PBXNativeTarget section */
		8AEB42EA20AFBA87001B7BFE /* Test_App1 */ = {
			isa = PBXNativeTarget;
			buildConfigurationList = 8AEB42FD20AFBA89001B7BFE /* Build configuration list for PBXNativeTarget "Test_App1" */;
			buildPhases = (
				8AEB42E720AFBA87001B7BFE /* Sources */,
				8AEB42E820AFBA87001B7BFE /* Frameworks */,
				8AEB42E920AFBA87001B7BFE /* Resources */,
			);
			buildRules = (
			);
			dependencies = (
			);
			name = Test_App1;
			productName = Test_App1;
			productReference = 8AEB42EB20AFBA87001B7BFE /* Test_App1.app */;
			productType = "com.apple.product-type.application";
		};
/* End PBXNativeTarget section */

/* Begin PBXProject section */
		8AEB42E320AFBA87001B7BFE /* Project object */ = {
			isa = PBXProject;
			attributes = {
				LastSwiftUpdateCheck = 0930;
				LastUpgradeCheck = 0930;
				ORGANIZATIONNAME = systena;
				TargetAttributes = {
					8AEB42EA20AFBA87001B7BFE = {
						CreatedOnToolsVersion = 9.3;
					};
				};
			};
			buildConfigurationList = 8AEB42E620AFBA87001B7BFE /* Build configuration list for PBXProject "Test_App1" */;
			compatibilityVersion = "Xcode 9.3";
			developmentRegion = en;
			hasScannedForEncodings = 0;
			knownRegions = (
				en,
				Base,
			);
			mainGroup = 8AEB42E220AFBA87001B7BFE;
			productRefGroup = 8AEB42EC20AFBA87001B7BFE /* Products */;
			projectDirPath = "";
			projectRoot = "";
			targets = (
				8AEB42EA20AFBA87001B7BFE /* Test_App1 */,
			);
		};
/* End PBXProject section */

/* Begin PBXResourcesBuildPhase section */
		8AEB42E920AFBA87001B7BFE /* Resources */ = {
			isa = PBXResourcesBuildPhase;
			buildActionMask = 2147483647;
			files = (
				8AEB42F920AFBA89001B7BFE /* LaunchScreen.storyboard in Resources */,
				8AEB42F620AFBA89001B7BFE /* Assets.xcassets in Resources */,
				8AEB42F420AFBA88001B7BFE /* Main.storyboard in Resources */,
			);
			runOnlyForDeploymentPostprocessing = 0;
		};
/* End PBXResourcesBuildPhase section */

/* Begin PBXSourcesBuildPhase section */
		8AEB42E720AFBA87001B7BFE /* Sources */ = {
			isa = PBXSourcesBuildPhase;
			buildActionMask = 2147483647;
			files = (
				8AEB42F120AFBA88001B7BFE /* ViewController.swift in Sources */,
				8AEB42EF20AFBA87001B7BFE /* AppDelegate.swift in Sources */,
			);
			runOnlyForDeploymentPostprocessing = 0;
		};
/* End PBXSourcesBuildPhase section */

/* Begin PBXVariantGroup section */
		8AEB42F220AFBA88001B7BFE /* Main.storyboard */ = {
			isa = PBXVariantGroup;
			children = (
				8AEB42F320AFBA88001B7BFE /* Base */,
			);
			name = Main.storyboard;
			sourceTree = "<group>";
		};
		8AEB42F720AFBA89001B7BFE /* LaunchScreen.storyboard */ = {
			isa = PBXVariantGroup;
			children = (
				8AEB42F820AFBA89001B7BFE /* Base */,
			);
			name = LaunchScreen.storyboard;
			sourceTree = "<group>";
		};
/* End PBXVariantGroup section */

/* Begin XCBuildConfiguration section */
		8AEB42FB20AFBA89001B7BFE /* Debug */ = {
			isa = XCBuildConfiguration;
			buildSettings = {
				ALWAYS_SEARCH_USER_PATHS = NO;
				CLANG_ANALYZER_NONNULL = YES;
				CLANG_ANALYZER_NUMBER_OBJECT_CONVERSION = YES_AGGRESSIVE;
				CLANG_CXX_LANGUAGE_STANDARD = "gnu++14";
				CLANG_CXX_LIBRARY = "libc++";
				CLANG_ENABLE_MODULES = YES;
				CLANG_ENABLE_OBJC_ARC = YES;
				CLANG_ENABLE_OBJC_WEAK = YES;
				CLANG_WARN_BLOCK_CAPTURE_AUTORELEASING = YES;
				CLANG_WARN_BOOL_CONVERSION = YES;
				CLANG_WARN_COMMA = YES;
				CLANG_WARN_CONSTANT_CONVERSION = YES;
				CLANG_WARN_DEPRECATED_OBJC_IMPLEMENTATIONS = YES;
				CLANG_WARN_DIRECT_OBJC_ISA_USAGE = YES_ERROR;
				CLANG_WARN_DOCUMENTATION_COMMENTS = YES;
				CLANG_WARN_EMPTY_BODY = YES;
				CLANG_WARN_ENUM_CONVERSION = YES;
				CLANG_WARN_INFINITE_RECURSION = YES;
				CLANG_WARN_INT_CONVERSION = YES;
				CLANG_WARN_NON_LITERAL_NULL_CONVERSION = YES;
				CLANG_WARN_OBJC_IMPLICIT_RETAIN_SELF = YES;
				CLANG_WARN_OBJC_LITERAL_CONVERSION = YES;
				CLANG_WARN_OBJC_ROOT_CLASS = YES_ERROR;
				CLANG_WARN_RANGE_LOOP_ANALYSIS = YES;
				CLANG_WARN_STRICT_PROTOTYPES = YES;
				CLANG_WARN_SUSPICIOUS_MOVE = YES;
				CLANG_WARN_UNGUARDED_AVAILABILITY = YES_AGGRESSIVE;
				CLANG_WARN_UNREACHABLE_CODE = YES;
				CLANG_WARN__DUPLICATE_METHOD_MATCH = YES;
				CODE_SIGN_IDENTITY = "iPhone Developer";
				COPY_PHASE_STRIP = NO;
				DEBUG_INFORMATION_FORMAT = dwarf;
				ENABLE_STRICT_OBJC_MSGSEND = YES;
				ENABLE_TESTABILITY = YES;
				GCC_C_LANGUAGE_STANDARD = gnu11;
				GCC_DYNAMIC_NO_PIC = NO;
				GCC_NO_COMMON_BLOCKS = YES;
				GCC_OPTIMIZATION_LEVEL = 0;
				GCC_PREPROCESSOR_DEFINITIONS = (
					"DEBUG=1",
					"$(inherited)",
				);
				GCC_WARN_64_TO_32_BIT_CONVERSION = YES;
				GCC_WARN_ABOUT_RETURN_TYPE = YES_ERROR;
				GCC_WARN_UNDECLARED_SELECTOR = YES;
				GCC_WARN_UNINITIALIZED_AUTOS = YES_AGGRESSIVE;
				GCC_WARN_UNUSED_FUNCTION = YES;
				GCC_WARN_UNUSED_VARIABLE = YES;
				IPHONEOS_DEPLOYMENT_TARGET = 11.3;
				MTL_ENABLE_DEBUG_INFO = YES;
				ONLY_ACTIVE_ARCH = YES;
				SDKROOT = iphoneos;
				SWIFT_ACTIVE_COMPILATION_CONDITIONS = DEBUG;
				SWIFT_OPTIMIZATION_LEVEL = "-Onone";
			};
			name = Debug;
		};
		8AEB42FC20AFBA89001B7BFE /* Release */ = {
			isa = XCBuildConfiguration;
			buildSettings = {
				ALWAYS_SEARCH_USER_PATHS = NO;
				CLANG_ANALYZER_NONNULL = YES;
				CLANG_ANALYZER_NUMBER_OBJECT_CONVERSION = YES_AGGRESSIVE;
				CLANG_CXX_LANGUAGE_STANDARD = "gnu++14";
				CLANG_CXX_LIBRARY = "libc++";
				CLANG_ENABLE_MODULES = YES;
				CLANG_ENABLE_OBJC_ARC = YES;
				CLANG_ENABLE_OBJC_WEAK = YES;
				CLANG_WARN_BLOCK_CAPTURE_AUTORELEASING = YES;
				CLANG_WARN_BOOL_CONVERSION = YES;
				CLANG_WARN_COMMA = YES;
				CLANG_WARN_CONSTANT_CONVERSION = YES;
				CLANG_WARN_DEPRECATED_OBJC_IMPLEMENTATIONS = YES;
				CLANG_WARN_DIRECT_OBJC_ISA_USAGE = YES_ERROR;
				CLANG_WARN_DOCUMENTATION_COMMENTS = YES;
				CLANG_WARN_EMPTY_BODY = YES;
				CLANG_WARN_ENUM_CONVERSION = YES;
				CLANG_WARN_INFINITE_RECURSION = YES;
				CLANG_WARN_INT_CONVERSION = YES;
				CLANG_WARN_NON_LITERAL_NULL_CONVERSION = YES;
				CLANG_WARN_OBJC_IMPLICIT_RETAIN_SELF = YES;
				CLANG_WARN_OBJC_LITERAL_CONVERSION = YES;
				CLANG_WARN_OBJC_ROOT_CLASS = YES_ERROR;
				CLANG_WARN_RANGE_LOOP_ANALYSIS = YES;
				CLANG_WARN_STRICT_PROTOTYPES = YES;
				CLANG_WARN_SUSPICIOUS_MOVE = YES;
				CLANG_WARN_UNGUARDED_AVAILABILITY = YES_AGGRESSIVE;
				CLANG_WARN_UNREACHABLE_CODE = YES;
				CLANG_WARN__DUPLICATE_METHOD_MATCH = YES;
				CODE_SIGN_IDENTITY = "iPhone Developer";
				COPY_PHASE_STRIP = NO;
				DEBUG_INFORMATION_FORMAT = "dwarf-with-dsym";
				ENABLE_NS_ASSERTIONS = NO;
				ENABLE_STRICT_OBJC_MSGSEND = YES;
				GCC_C_LANGUAGE_STANDARD = gnu11;
				GCC_NO_COMMON_BLOCKS = YES;
				GCC_WARN_64_TO_32_BIT_CONVERSION = YES;
				GCC_WARN_ABOUT_RETURN_TYPE = YES_ERROR;
				GCC_WARN_UNDECLARED_SELECTOR = YES;
				GCC_WARN_UNINITIALIZED_AUTOS = YES_AGGRESSIVE;
				GCC_WARN_UNUSED_FUNCTION = YES;
				GCC_WARN_UNUSED_VARIABLE = YES;
				IPHONEOS_DEPLOYMENT_TARGET = 11.3;
				MTL_ENABLE_DEBUG_INFO = NO;
				SDKROOT = iphoneos;
				SWIFT_COMPILATION_MODE = wholemodule;
				SWIFT_OPTIMIZATION_LEVEL = "-O";
				VALIDATE_PRODUCT = YES;
			};
			name = Release;
		};
		8AEB42FE20AFBA89001B7BFE /* Debug */ = {
			isa = XCBuildConfiguration;
			buildSettings = {
				ASSETCATALOG_COMPILER_APPICON_NAME = AppIcon;
				CODE_SIGN_STYLE = Automatic;
				DEVELOPMENT_TEAM = H99J3S5G79;
				INFOPLIST_FILE = Test_App1/Info.plist;
				LD_RUNPATH_SEARCH_PATHS = (
					"$(inherited)",
					"@executable_path/Frameworks",
				);
				PRODUCT_BUNDLE_IDENTIFIER = "jp.miwa1128.sample.Test-App1";
				PRODUCT_NAME = "$(TARGET_NAME)";
				SWIFT_VERSION = 4.0;
				TARGETED_DEVICE_FAMILY = "1,2";
			};
			name = Debug;
		};
		8AEB42FF20AFBA89001B7BFE /* Release */ = {
			isa = XCBuildConfiguration;
			buildSettings = {
				ASSETCATALOG_COMPILER_APPICON_NAME = AppIcon;
				CODE_SIGN_STYLE = Automatic;
				DEVELOPMENT_TEAM = H99J3S5G79;
				INFOPLIST_FILE = Test_App1/Info.plist;
				LD_RUNPATH_SEARCH_PATHS = (
					"$(inherited)",
					"@executable_path/Frameworks",
				);
				PRODUCT_BUNDLE_IDENTIFIER = "jp.miwa1128.sample.Test-App1";
				PRODUCT_NAME = "$(TARGET_NAME)";
				SWIFT_VERSION = 4.0;
				TARGETED_DEVICE_FAMILY = "1,2";
			};
			name = Release;
		};
/* End XCBuildConfiguration section */

/* Begin XCConfigurationList section */
		8AEB42E620AFBA87001B7BFE /* Build configuration list for PBXProject "Test_App1" */ = {
			isa = XCConfigurationList;
			buildConfigurations = (
				8AEB42FB20AFBA89001B7BFE /* Debug */,
				8AEB42FC20AFBA89001B7BFE /* Release */,
			);
			defaultConfigurationIsVisible = 0;
			defaultConfigurationName = Release;
		};
		8AEB42FD20AFBA89001B7BFE /* Build configuration list for PBXNativeTarget "Test_App1" */ = {
			isa = XCConfigurationList;
			buildConfigurations = (
				8AEB42FE20AFBA89001B7BFE /* Debug */,
				8AEB42FF20AFBA89001B7BFE /* Release */,
			);
			defaultConfigurationIsVisible = 0;
			defaultConfigurationName = Release;
		};
/* End XCConfigurationList section */
	};
	rootObject = 8AEB42E320AFBA87001B7BFE /* Project object */;
}
